// !$*UTF8*$!
{
	archiveVersion = 1;
	classes = {
	};
	objectVersion = 50;
	objects = {

/* Begin PBXBuildFile section */
		CE98EA1225451A2C0007FE24 /* AppDelegate.swift in Sources */ = {isa = PBXBuildFile; fileRef = CE98EA1125451A2C0007FE24 /* AppDelegate.swift */; };
		CE98EA1425451A2C0007FE24 /* SceneDelegate.swift in Sources */ = {isa = PBXBuildFile; fileRef = CE98EA1325451A2C0007FE24 /* SceneDelegate.swift */; };
		CE98EA1625451A2C0007FE24 /* ContentView.swift in Sources */ = {isa = PBXBuildFile; fileRef = CE98EA1525451A2C0007FE24 /* ContentView.swift */; };
		CE98EA1925451A2C0007FE24 /* BankingAccounts.xcdatamodeld in Sources */ = {isa = PBXBuildFile; fileRef = CE98EA1725451A2C0007FE24 /* BankingAccounts.xcdatamodeld */; };
		CE98EA1B25451A2D0007FE24 /* Assets.xcassets in Resources */ = {isa = PBXBuildFile; fileRef = CE98EA1A25451A2D0007FE24 /* Assets.xcassets */; };
		CE98EA1E25451A2D0007FE24 /* Preview Assets.xcassets in Resources */ = {isa = PBXBuildFile; fileRef = CE98EA1D25451A2D0007FE24 /* Preview Assets.xcassets */; };
		CE98EA2125451A2D0007FE24 /* LaunchScreen.storyboard in Resources */ = {isa = PBXBuildFile; fileRef = CE98EA1F25451A2D0007FE24 /* LaunchScreen.storyboard */; };
		CE98EA2B25451A820007FE24 /* BankAccountViewModel.swift in Sources */ = {isa = PBXBuildFile; fileRef = CE98EA2A25451A820007FE24 /* BankAccountViewModel.swift */; };
/* End PBXBuildFile section */

/* Begin PBXFileReference section */
		CE98EA0E25451A2C0007FE24 /* BankingAccounts.app */ = {isa = PBXFileReference; explicitFileType = wrapper.application; includeInIndex = 0; path = BankingAccounts.app; sourceTree = BUILT_PRODUCTS_DIR; };
		CE98EA1125451A2C0007FE24 /* AppDelegate.swift */ = {isa = PBXFileReference; lastKnownFileType = sourcecode.swift; path = AppDelegate.swift; sourceTree = "<group>"; };
		CE98EA1325451A2C0007FE24 /* SceneDelegate.swift */ = {isa = PBXFileReference; lastKnownFileType = sourcecode.swift; path = SceneDelegate.swift; sourceTree = "<group>"; };
		CE98EA1525451A2C0007FE24 /* ContentView.swift */ = {isa = PBXFileReference; lastKnownFileType = sourcecode.swift; path = ContentView.swift; sourceTree = "<group>"; };
		CE98EA1825451A2C0007FE24 /* BankingAccounts.xcdatamodel */ = {isa = PBXFileReference; lastKnownFileType = wrapper.xcdatamodel; path = BankingAccounts.xcdatamodel; sourceTree = "<group>"; };
		CE98EA1A25451A2D0007FE24 /* Assets.xcassets */ = {isa = PBXFileReference; lastKnownFileType = folder.assetcatalog; path = Assets.xcassets; sourceTree = "<group>"; };
		CE98EA1D25451A2D0007FE24 /* Preview Assets.xcassets */ = {isa = PBXFileReference; lastKnownFileType = folder.assetcatalog; path = "Preview Assets.xcassets"; sourceTree = "<group>"; };
		CE98EA2025451A2D0007FE24 /* Base */ = {isa = PBXFileReference; lastKnownFileType = file.storyboard; name = Base; path = Base.lproj/LaunchScreen.storyboard; sourceTree = "<group>"; };
		CE98EA2225451A2D0007FE24 /* Info.plist */ = {isa = PBXFileReference; lastKnownFileType = text.plist.xml; path = Info.plist; sourceTree = "<group>"; };
		CE98EA2A25451A820007FE24 /* BankAccountViewModel.swift */ = {isa = PBXFileReference; lastKnownFileType = sourcecode.swift; path = BankAccountViewModel.swift; sourceTree = "<group>"; };
/* End PBXFileReference section */

/* Begin PBXFrameworksBuildPhase section */
		CE98EA0B25451A2C0007FE24 /* Frameworks */ = {
			isa = PBXFrameworksBuildPhase;
			buildActionMask = 2147483647;
			files = (
			);
			runOnlyForDeploymentPostprocessing = 0;
		};
/* End PBXFrameworksBuildPhase section */

/* Begin PBXGroup section */
		CE98EA0525451A2C0007FE24 = {
			isa = PBXGroup;
			children = (
				CE98EA1025451A2C0007FE24 /* BankingAccounts */,
				CE98EA0F25451A2C0007FE24 /* Products */,
			);
			sourceTree = "<group>";
		};
		CE98EA0F25451A2C0007FE24 /* Products */ = {
			isa = PBXGroup;
			children = (
				CE98EA0E25451A2C0007FE24 /* BankingAccounts.app */,
			);
			name = Products;
			sourceTree = "<group>";
		};
		CE98EA1025451A2C0007FE24 /* BankingAccounts */ = {
			isa = PBXGroup;
			children = (
				CE98EA2D25451C030007FE24 /* View */,
				CE98EA2925451A5C0007FE24 /* ViewModel */,
				CE98EA1125451A2C0007FE24 /* AppDelegate.swift */,
				CE98EA1325451A2C0007FE24 /* SceneDelegate.swift */,
				CE98EA1A25451A2D0007FE24 /* Assets.xcassets */,
				CE98EA1F25451A2D0007FE24 /* LaunchScreen.storyboard */,
				CE98EA2225451A2D0007FE24 /* Info.plist */,
				CE98EA1725451A2C0007FE24 /* BankingAccounts.xcdatamodeld */,
				CE98EA1C25451A2D0007FE24 /* Preview Content */,
			);
			path = BankingAccounts;
			sourceTree = "<group>";
		};
		CE98EA1C25451A2D0007FE24 /* Preview Content */ = {
			isa = PBXGroup;
			children = (
				CE98EA1D25451A2D0007FE24 /* Preview Assets.xcassets */,
			);
			path = "Preview Content";
			sourceTree = "<group>";
		};
		CE98EA2925451A5C0007FE24 /* ViewModel */ = {
			isa = PBXGroup;
			children = (
				CE98EA2A25451A820007FE24 /* BankAccountViewModel.swift */,
			);
			path = ViewModel;
			sourceTree = "<group>";
		};
		CE98EA2D25451C030007FE24 /* View */ = {
			isa = PBXGroup;
			children = (
				CE98EA1525451A2C0007FE24 /* ContentView.swift */,
			);
			path = View;
			sourceTree = "<group>";
		};
/* End PBXGroup section */

/* Begin PBXNativeTarget section */
		CE98EA0D25451A2C0007FE24 /* BankingAccounts */ = {
			isa = PBXNativeTarget;
			buildConfigurationList = CE98EA2525451A2D0007FE24 /* Build configuration list for PBXNativeTarget "BankingAccounts" */;
			buildPhases = (
				CE98EA0A25451A2C0007FE24 /* Sources */,
				CE98EA0B25451A2C0007FE24 /* Frameworks */,
				CE98EA0C25451A2C0007FE24 /* Resources */,
			);
			buildRules = (
			);
			dependencies = (
			);
			name = BankingAccounts;
			productName = BankingAccounts;
			productReference = CE98EA0E25451A2C0007FE24 /* BankingAccounts.app */;
			productType = "com.apple.product-type.application";
		};
/* End PBXNativeTarget section */

/* Begin PBXProject section */
		CE98EA0625451A2C0007FE24 /* Project object */ = {
			isa = PBXProject;
			attributes = {
				LastSwiftUpdateCheck = 1200;
				LastUpgradeCheck = 1200;
				TargetAttributes = {
					CE98EA0D25451A2C0007FE24 = {
						CreatedOnToolsVersion = 12.0.1;
					};
				};
			};
			buildConfigurationList = CE98EA0925451A2C0007FE24 /* Build configuration list for PBXProject "BankingAccounts" */;
			compatibilityVersion = "Xcode 9.3";
			developmentRegion = en;
			hasScannedForEncodings = 0;
			knownRegions = (
				en,
				Base,
			);
			mainGroup = CE98EA0525451A2C0007FE24;
			productRefGroup = CE98EA0F25451A2C0007FE24 /* Products */;
			projectDirPath = "";
			projectRoot = "";
			targets = (
				CE98EA0D25451A2C0007FE24 /* BankingAccounts */,
			);
		};
/* End PBXProject section */

/* Begin PBXResourcesBuildPhase section */
		CE98EA0C25451A2C0007FE24 /* Resources */ = {
			isa = PBXResourcesBuildPhase;
			buildActionMask = 2147483647;
			files = (
				CE98EA2125451A2D0007FE24 /* LaunchScreen.storyboard in Resources */,
				CE98EA1E25451A2D0007FE24 /* Preview Assets.xcassets in Resources */,
				CE98EA1B25451A2D0007FE24 /* Assets.xcassets in Resources */,
			);
			runOnlyForDeploymentPostprocessing = 0;
		};
/* End PBXResourcesBuildPhase section */

/* Begin PBXSourcesBuildPhase section */
		CE98EA0A25451A2C0007FE24 /* Sources */ = {
			isa = PBXSourcesBuildPhase;
			buildActionMask = 2147483647;
			files = (
				CE98EA1225451A2C0007FE24 /* AppDelegate.swift in Sources */,
				CE98EA1425451A2C0007FE24 /* SceneDelegate.swift in Sources */,
				CE98EA2B25451A820007FE24 /* BankAccountViewModel.swift in Sources */,
				CE98EA1925451A2C0007FE24 /* BankingAccounts.xcdatamodeld in Sources */,
				CE98EA1625451A2C0007FE24 /* ContentView.swift in Sources */,
			);
			runOnlyForDeploymentPostprocessing = 0;
		};
/* End PBXSourcesBuildPhase section */

/* Begin PBXVariantGroup section */
		CE98EA1F25451A2D0007FE24 /* LaunchScreen.storyboard */ = {
			isa = PBXVariantGroup;
			children = (
				CE98EA2025451A2D0007FE24 /* Base */,
			);
			name = LaunchScreen.storyboard;
			sourceTree = "<group>";
		};
/* End PBXVariantGroup section */

/* Begin XCBuildConfiguration section */
		CE98EA2325451A2D0007FE24 /* Debug */ = {
			isa = XCBuildConfiguration;
			buildSettings = {
				ALWAYS_SEARCH_USER_PATHS = NO;
				CLANG_ANALYZER_NONNULL = YES;
				CLANG_ANALYZER_NUMBER_OBJECT_CONVERSION = YES_AGGRESSIVE;
				CLANG_CXX_LANGUAGE_STANDARD = "gnu++14";
				CLANG_CXX_LIBRARY = "libc++";
				CLANG_ENABLE_MODULES = YES;
				CLANG_ENABLE_OBJC_ARC = YES;
				CLANG_ENABLE_OBJC_WEAK = YES;
				CLANG_WARN_BLOCK_CAPTURE_AUTORELEASING = YES;
				CLANG_WARN_BOOL_CONVERSION = YES;
				CLANG_WARN_COMMA = YES;
				CLANG_WARN_CONSTANT_CONVERSION = YES;
				CLANG_WARN_DEPRECATED_OBJC_IMPLEMENTATIONS = YES;
				CLANG_WARN_DIRECT_OBJC_ISA_USAGE = YES_ERROR;
				CLANG_WARN_DOCUMENTATION_COMMENTS = YES;
				CLANG_WARN_EMPTY_BODY = YES;
				CLANG_WARN_ENUM_CONVERSION = YES;
				CLANG_WARN_INFINITE_RECURSION = YES;
				CLANG_WARN_INT_CONVERSION = YES;
				CLANG_WARN_NON_LITERAL_NULL_CONVERSION = YES;
				CLANG_WARN_OBJC_IMPLICIT_RETAIN_SELF = YES;
				CLANG_WARN_OBJC_LITERAL_CONVERSION = YES;
				CLANG_WARN_OBJC_ROOT_CLASS = YES_ERROR;
				CLANG_WARN_QUOTED_INCLUDE_IN_FRAMEWORK_HEADER = YES;
				CLANG_WARN_RANGE_LOOP_ANALYSIS = YES;
				CLANG_WARN_STRICT_PROTOTYPES = YES;
				CLANG_WARN_SUSPICIOUS_MOVE = YES;
				CLANG_WARN_UNGUARDED_AVAILABILITY = YES_AGGRESSIVE;
				CLANG_WARN_UNREACHABLE_CODE = YES;
				CLANG_WARN__DUPLICATE_METHOD_MATCH = YES;
				COPY_PHASE_STRIP = NO;
				DEBUG_INFORMATION_FORMAT = dwarf;
				ENABLE_STRICT_OBJC_MSGSEND = YES;
				ENABLE_TESTABILITY = YES;
				GCC_C_LANGUAGE_STANDARD = gnu11;
				GCC_DYNAMIC_NO_PIC = NO;
				GCC_NO_COMMON_BLOCKS = YES;
				GCC_OPTIMIZATION_LEVEL = 0;
				GCC_PREPROCESSOR_DEFINITIONS = (
					"DEBUG=1",
					"$(inherited)",
				);
				GCC_WARN_64_TO_32_BIT_CONVERSION = YES;
				GCC_WARN_ABOUT_RETURN_TYPE = YES_ERROR;
				GCC_WARN_UNDECLARED_SELECTOR = YES;
				GCC_WARN_UNINITIALIZED_AUTOS = YES_AGGRESSIVE;
				GCC_WARN_UNUSED_FUNCTION = YES;
				GCC_WARN_UNUSED_VARIABLE = YES;
				IPHONEOS_DEPLOYMENT_TARGET = 14.0;
				MTL_ENABLE_DEBUG_INFO = INCLUDE_SOURCE;
				MTL_FAST_MATH = YES;
				ONLY_ACTIVE_ARCH = YES;
				SDKROOT = iphoneos;
				SWIFT_ACTIVE_COMPILATION_CONDITIONS = DEBUG;
				SWIFT_OPTIMIZATION_LEVEL = "-Onone";
			};
			name = Debug;
		};
		CE98EA2425451A2D0007FE24 /* Release */ = {
			isa = XCBuildConfiguration;
			buildSettings = {
				ALWAYS_SEARCH_USER_PATHS = NO;
				CLANG_ANALYZER_NONNULL = YES;
				CLANG_ANALYZER_NUMBER_OBJECT_CONVERSION = YES_AGGRESSIVE;
				CLANG_CXX_LANGUAGE_STANDARD = "gnu++14";
				CLANG_CXX_LIBRARY = "libc++";
				CLANG_ENABLE_MODULES = YES;
				CLANG_ENABLE_OBJC_ARC = YES;
				CLANG_ENABLE_OBJC_WEAK = YES;
				CLANG_WARN_BLOCK_CAPTURE_AUTORELEASING = YES;
				CLANG_WARN_BOOL_CONVERSION = YES;
				CLANG_WARN_COMMA = YES;
				CLANG_WARN_CONSTANT_CONVERSION = YES;
				CLANG_WARN_DEPRECATED_OBJC_IMPLEMENTATIONS = YES;
				CLANG_WARN_DIRECT_OBJC_ISA_USAGE = YES_ERROR;
				CLANG_WARN_DOCUMENTATION_COMMENTS = YES;
				CLANG_WARN_EMPTY_BODY = YES;
				CLANG_WARN_ENUM_CONVERSION = YES;
				CLANG_WARN_INFINITE_RECURSION = YES;
				CLANG_WARN_INT_CONVERSION = YES;
				CLANG_WARN_NON_LITERAL_NULL_CONVERSION = YES;
				CLANG_WARN_OBJC_IMPLICIT_RETAIN_SELF = YES;
				CLANG_WARN_OBJC_LITERAL_CONVERSION = YES;
				CLANG_WARN_OBJC_ROOT_CLASS = YES_ERROR;
				CLANG_WARN_QUOTED_INCLUDE_IN_FRAMEWORK_HEADER = YES;
				CLANG_WARN_RANGE_LOOP_ANALYSIS = YES;
				CLANG_WARN_STRICT_PROTOTYPES = YES;
				CLANG_WARN_SUSPICIOUS_MOVE = YES;
				CLANG_WARN_UNGUARDED_AVAILABILITY = YES_AGGRESSIVE;
				CLANG_WARN_UNREACHABLE_CODE = YES;
				CLANG_WARN__DUPLICATE_METHOD_MATCH = YES;
				COPY_PHASE_STRIP = NO;
				DEBUG_INFORMATION_FORMAT = "dwarf-with-dsym";
				ENABLE_NS_ASSERTIONS = NO;
				ENABLE_STRICT_OBJC_MSGSEND = YES;
				GCC_C_LANGUAGE_STANDARD = gnu11;
				GCC_NO_COMMON_BLOCKS = YES;
				GCC_WARN_64_TO_32_BIT_CONVERSION = YES;
				GCC_WARN_ABOUT_RETURN_TYPE = YES_ERROR;
				GCC_WARN_UNDECLARED_SELECTOR = YES;
				GCC_WARN_UNINITIALIZED_AUTOS = YES_AGGRESSIVE;
				GCC_WARN_UNUSED_FUNCTION = YES;
				GCC_WARN_UNUSED_VARIABLE = YES;
				IPHONEOS_DEPLOYMENT_TARGET = 14.0;
				MTL_ENABLE_DEBUG_INFO = NO;
				MTL_FAST_MATH = YES;
				SDKROOT = iphoneos;
				SWIFT_COMPILATION_MODE = wholemodule;
				SWIFT_OPTIMIZATION_LEVEL = "-O";
				VALIDATE_PRODUCT = YES;
			};
			name = Release;
		};
		CE98EA2625451A2D0007FE24 /* Debug */ = {
			isa = XCBuildConfiguration;
			buildSettings = {
				ASSETCATALOG_COMPILER_APPICON_NAME = AppIcon;
				ASSETCATALOG_COMPILER_GLOBAL_ACCENT_COLOR_NAME = AccentColor;
				CODE_SIGN_STYLE = Automatic;
				DEVELOPMENT_ASSET_PATHS = "\"BankingAccounts/Preview Content\"";
				DEVELOPMENT_TEAM = 4G9UQ8D789;
				ENABLE_PREVIEWS = YES;
				INFOPLIST_FILE = BankingAccounts/Info.plist;
				LD_RUNPATH_SEARCH_PATHS = (
					"$(inherited)",
					"@executable_path/Frameworks",
				);
				PRODUCT_BUNDLE_IDENTIFIER = io.victorcastro.BankingAccounts;
				PRODUCT_NAME = "$(TARGET_NAME)";
				SWIFT_VERSION = 5.0;
				TARGETED_DEVICE_FAMILY = "1,2";
			};
			name = Debug;
		};
		CE98EA2725451A2D0007FE24 /* Release */ = {
			isa = XCBuildConfiguration;
			buildSettings = {
				ASSETCATALOG_COMPILER_APPICON_NAME = AppIcon;
				ASSETCATALOG_COMPILER_GLOBAL_ACCENT_COLOR_NAME = AccentColor;
				CODE_SIGN_STYLE = Automatic;
				DEVELOPMENT_ASSET_PATHS = "\"BankingAccounts/Preview Content\"";
				DEVELOPMENT_TEAM = 4G9UQ8D789;
				ENABLE_PREVIEWS = YES;
				INFOPLIST_FILE = BankingAccounts/Info.plist;
				LD_RUNPATH_SEARCH_PATHS = (
					"$(inherited)",
					"@executable_path/Frameworks",
				);
				PRODUCT_BUNDLE_IDENTIFIER = io.victorcastro.BankingAccounts;
				PRODUCT_NAME = "$(TARGET_NAME)";
				SWIFT_VERSION = 5.0;
				TARGETED_DEVICE_FAMILY = "1,2";
			};
			name = Release;
		};
/* End XCBuildConfiguration section */

/* Begin XCConfigurationList section */
		CE98EA0925451A2C0007FE24 /* Build configuration list for PBXProject "BankingAccounts" */ = {
			isa = XCConfigurationList;
			buildConfigurations = (
				CE98EA2325451A2D0007FE24 /* Debug */,
				CE98EA2425451A2D0007FE24 /* Release */,
			);
			defaultConfigurationIsVisible = 0;
			defaultConfigurationName = Release;
		};
		CE98EA2525451A2D0007FE24 /* Build configuration list for PBXNativeTarget "BankingAccounts" */ = {
			isa = XCConfigurationList;
			buildConfigurations = (
				CE98EA2625451A2D0007FE24 /* Debug */,
				CE98EA2725451A2D0007FE24 /* Release */,
			);
			defaultConfigurationIsVisible = 0;
			defaultConfigurationName = Release;
		};
/* End XCConfigurationList section */

/* Begin XCVersionGroup section */
		CE98EA1725451A2C0007FE24 /* BankingAccounts.xcdatamodeld */ = {
			isa = XCVersionGroup;
			children = (
				CE98EA1825451A2C0007FE24 /* BankingAccounts.xcdatamodel */,
			);
			currentVersion = CE98EA1825451A2C0007FE24 /* BankingAccounts.xcdatamodel */;
			path = BankingAccounts.xcdatamodeld;
			sourceTree = "<group>";
			versionGroupType = wrapper.xcdatamodel;
		};
/* End XCVersionGroup section */
	};
	rootObject = CE98EA0625451A2C0007FE24 /* Project object */;
}
